// !$*UTF8*$!
{
	archiveVersion = 1;
	classes = {
	};
	objectVersion = 46;
	objects = {

/* Begin PBXBuildFile section */
		78B8DF3A1CD8B4DE0053D124 /* AppDelegate.swift in Sources */ = {isa = PBXBuildFile; fileRef = 78B8DF391CD8B4DE0053D124 /* AppDelegate.swift */; };
		78B8DF411CD8B4DE0053D124 /* Assets.xcassets in Resources */ = {isa = PBXBuildFile; fileRef = 78B8DF401CD8B4DE0053D124 /* Assets.xcassets */; };
		78B8DF4F1CD998290053D124 /* DemoViewController.swift in Sources */ = {isa = PBXBuildFile; fileRef = 78B8DF4E1CD998290053D124 /* DemoViewController.swift */; };
		78B8DF511CD999040053D124 /* LaunchScreen.storyboard in Resources */ = {isa = PBXBuildFile; fileRef = 78B8DF501CD999040053D124 /* LaunchScreen.storyboard */; };
		78B8DF531CD99A2A0053D124 /* Kit.swift in Sources */ = {isa = PBXBuildFile; fileRef = 78B8DF521CD99A2A0053D124 /* Kit.swift */; };
		78B8DF551CD99CC50053D124 /* ZLHexagonGallery.swift in Sources */ = {isa = PBXBuildFile; fileRef = 78B8DF541CD99CC50053D124 /* ZLHexagonGallery.swift */; };
		78B8DF571CD9A0CC0053D124 /* ZLHexagonCell.swift in Sources */ = {isa = PBXBuildFile; fileRef = 78B8DF561CD9A0CC0053D124 /* ZLHexagonCell.swift */; };
		78B8DF5A1CD9AB080053D124 /* ZLHexagonProtocol.swift in Sources */ = {isa = PBXBuildFile; fileRef = 78B8DF591CD9AB080053D124 /* ZLHexagonProtocol.swift */; };
		78B8DF5C1CDB56440053D124 /* DataModel.swift in Sources */ = {isa = PBXBuildFile; fileRef = 78B8DF5B1CDB56440053D124 /* DataModel.swift */; };
/* End PBXBuildFile section */

/* Begin PBXFileReference section */
		78B8DF361CD8B4DE0053D124 /* ZLHexagonGalleryDemo.app */ = {isa = PBXFileReference; explicitFileType = wrapper.application; includeInIndex = 0; path = ZLHexagonGalleryDemo.app; sourceTree = BUILT_PRODUCTS_DIR; };
		78B8DF391CD8B4DE0053D124 /* AppDelegate.swift */ = {isa = PBXFileReference; lastKnownFileType = sourcecode.swift; path = AppDelegate.swift; sourceTree = "<group>"; };
		78B8DF401CD8B4DE0053D124 /* Assets.xcassets */ = {isa = PBXFileReference; lastKnownFileType = folder.assetcatalog; path = Assets.xcassets; sourceTree = "<group>"; };
		78B8DF451CD8B4DE0053D124 /* Info.plist */ = {isa = PBXFileReference; lastKnownFileType = text.plist.xml; path = Info.plist; sourceTree = "<group>"; };
		78B8DF4E1CD998290053D124 /* DemoViewController.swift */ = {isa = PBXFileReference; fileEncoding = 4; lastKnownFileType = sourcecode.swift; path = DemoViewController.swift; sourceTree = "<group>"; };
		78B8DF501CD999040053D124 /* LaunchScreen.storyboard */ = {isa = PBXFileReference; fileEncoding = 4; lastKnownFileType = file.storyboard; path = LaunchScreen.storyboard; sourceTree = "<group>"; };
		78B8DF521CD99A2A0053D124 /* Kit.swift */ = {isa = PBXFileReference; fileEncoding = 4; lastKnownFileType = sourcecode.swift; path = Kit.swift; sourceTree = "<group>"; };
		78B8DF541CD99CC50053D124 /* ZLHexagonGallery.swift */ = {isa = PBXFileReference; fileEncoding = 4; lastKnownFileType = sourcecode.swift; path = ZLHexagonGallery.swift; sourceTree = "<group>"; };
		78B8DF561CD9A0CC0053D124 /* ZLHexagonCell.swift */ = {isa = PBXFileReference; fileEncoding = 4; lastKnownFileType = sourcecode.swift; path = ZLHexagonCell.swift; sourceTree = "<group>"; };
		78B8DF591CD9AB080053D124 /* ZLHexagonProtocol.swift */ = {isa = PBXFileReference; fileEncoding = 4; lastKnownFileType = sourcecode.swift; path = ZLHexagonProtocol.swift; sourceTree = "<group>"; };
		78B8DF5B1CDB56440053D124 /* DataModel.swift */ = {isa = PBXFileReference; fileEncoding = 4; lastKnownFileType = sourcecode.swift; path = DataModel.swift; sourceTree = "<group>"; };
/* End PBXFileReference section */

/* Begin PBXFrameworksBuildPhase section */
		78B8DF331CD8B4DE0053D124 /* Frameworks */ = {
			isa = PBXFrameworksBuildPhase;
			buildActionMask = 2147483647;
			files = (
			);
			runOnlyForDeploymentPostprocessing = 0;
		};
/* End PBXFrameworksBuildPhase section */

/* Begin PBXGroup section */
		78B8DF2D1CD8B4DE0053D124 = {
			isa = PBXGroup;
			children = (
				78B8DF381CD8B4DE0053D124 /* ZLHexagonGalleryDemo */,
				78B8DF371CD8B4DE0053D124 /* Products */,
			);
			sourceTree = "<group>";
		};
		78B8DF371CD8B4DE0053D124 /* Products */ = {
			isa = PBXGroup;
			children = (
				78B8DF361CD8B4DE0053D124 /* ZLHexagonGalleryDemo.app */,
			);
			name = Products;
			sourceTree = "<group>";
		};
		78B8DF381CD8B4DE0053D124 /* ZLHexagonGalleryDemo */ = {
			isa = PBXGroup;
			children = (
				78B8DF4C1CD9957D0053D124 /* System */,
				78B8DF4D1CD995830053D124 /* Resource */,
				78B8DF4B1CD995790053D124 /* ZLHexagonGallery */,
				78B8DF4E1CD998290053D124 /* DemoViewController.swift */,
				78B8DF5B1CDB56440053D124 /* DataModel.swift */,
				78B8DF521CD99A2A0053D124 /* Kit.swift */,
			);
			path = ZLHexagonGalleryDemo;
			sourceTree = "<group>";
		};
		78B8DF4B1CD995790053D124 /* ZLHexagonGallery */ = {
			isa = PBXGroup;
			children = (
				78B8DF541CD99CC50053D124 /* ZLHexagonGallery.swift */,
				78B8DF561CD9A0CC0053D124 /* ZLHexagonCell.swift */,
				78B8DF591CD9AB080053D124 /* ZLHexagonProtocol.swift */,
			);
			path = ZLHexagonGallery;
			sourceTree = "<group>";
		};
		78B8DF4C1CD9957D0053D124 /* System */ = {
			isa = PBXGroup;
			children = (
				78B8DF391CD8B4DE0053D124 /* AppDelegate.swift */,
				78B8DF451CD8B4DE0053D124 /* Info.plist */,
				78B8DF501CD999040053D124 /* LaunchScreen.storyboard */,
			);
			name = System;
			sourceTree = "<group>";
		};
		78B8DF4D1CD995830053D124 /* Resource */ = {
			isa = PBXGroup;
			children = (
				78B8DF401CD8B4DE0053D124 /* Assets.xcassets */,
			);
			name = Resource;
			sourceTree = "<group>";
		};
/* End PBXGroup section */

/* Begin PBXNativeTarget section */
		78B8DF351CD8B4DE0053D124 /* ZLHexagonGalleryDemo */ = {
			isa = PBXNativeTarget;
			buildConfigurationList = 78B8DF481CD8B4DE0053D124 /* Build configuration list for PBXNativeTarget "ZLHexagonGalleryDemo" */;
			buildPhases = (
				78B8DF321CD8B4DE0053D124 /* Sources */,
				78B8DF331CD8B4DE0053D124 /* Frameworks */,
				78B8DF341CD8B4DE0053D124 /* Resources */,
			);
			buildRules = (
			);
			dependencies = (
			);
			name = ZLHexagonGalleryDemo;
			productName = ZLHexagonGalleryDemo;
			productReference = 78B8DF361CD8B4DE0053D124 /* ZLHexagonGalleryDemo.app */;
			productType = "com.apple.product-type.application";
		};
/* End PBXNativeTarget section */

/* Begin PBXProject section */
		78B8DF2E1CD8B4DE0053D124 /* Project object */ = {
			isa = PBXProject;
			attributes = {
				LastSwiftUpdateCheck = 0720;
				LastUpgradeCheck = 0720;
				ORGANIZATIONNAME = "杉玉府";
				TargetAttributes = {
					78B8DF351CD8B4DE0053D124 = {
						CreatedOnToolsVersion = 7.2;
					};
				};
			};
			buildConfigurationList = 78B8DF311CD8B4DE0053D124 /* Build configuration list for PBXProject "ZLHexagonGalleryDemo" */;
			compatibilityVersion = "Xcode 3.2";
			developmentRegion = English;
			hasScannedForEncodings = 0;
			knownRegions = (
				en,
				Base,
			);
			mainGroup = 78B8DF2D1CD8B4DE0053D124;
			productRefGroup = 78B8DF371CD8B4DE0053D124 /* Products */;
			projectDirPath = "";
			projectRoot = "";
			targets = (
				78B8DF351CD8B4DE0053D124 /* ZLHexagonGalleryDemo */,
			);
		};
/* End PBXProject section */

/* Begin PBXResourcesBuildPhase section */
		78B8DF341CD8B4DE0053D124 /* Resources */ = {
			isa = PBXResourcesBuildPhase;
			buildActionMask = 2147483647;
			files = (
				78B8DF411CD8B4DE0053D124 /* Assets.xcassets in Resources */,
				78B8DF511CD999040053D124 /* LaunchScreen.storyboard in Resources */,
			);
			runOnlyForDeploymentPostprocessing = 0;
		};
/* End PBXResourcesBuildPhase section */

/* Begin PBXSourcesBuildPhase section */
		78B8DF321CD8B4DE0053D124 /* Sources */ = {
			isa = PBXSourcesBuildPhase;
			buildActionMask = 2147483647;
			files = (
				78B8DF5C1CDB56440053D124 /* DataModel.swift in Sources */,
				78B8DF5A1CD9AB080053D124 /* ZLHexagonProtocol.swift in Sources */,
				78B8DF571CD9A0CC0053D124 /* ZLHexagonCell.swift in Sources */,
				78B8DF3A1CD8B4DE0053D124 /* AppDelegate.swift in Sources */,
				78B8DF551CD99CC50053D124 /* ZLHexagonGallery.swift in Sources */,
				78B8DF4F1CD998290053D124 /* DemoViewController.swift in Sources */,
				78B8DF531CD99A2A0053D124 /* Kit.swift in Sources */,
			);
			runOnlyForDeploymentPostprocessing = 0;
		};
/* End PBXSourcesBuildPhase section */

/* Begin XCBuildConfiguration section */
		78B8DF461CD8B4DE0053D124 /* Debug */ = {
			isa = XCBuildConfiguration;
			buildSettings = {
				ALWAYS_SEARCH_USER_PATHS = NO;
				CLANG_CXX_LANGUAGE_STANDARD = "gnu++0x";
				CLANG_CXX_LIBRARY = "libc++";
				CLANG_ENABLE_MODULES = YES;
				CLANG_ENABLE_OBJC_ARC = YES;
				CLANG_WARN_BOOL_CONVERSION = YES;
				CLANG_WARN_CONSTANT_CONVERSION = YES;
				CLANG_WARN_DIRECT_OBJC_ISA_USAGE = YES_ERROR;
				CLANG_WARN_EMPTY_BODY = YES;
				CLANG_WARN_ENUM_CONVERSION = YES;
				CLANG_WARN_INT_CONVERSION = YES;
				CLANG_WARN_OBJC_ROOT_CLASS = YES_ERROR;
				CLANG_WARN_UNREACHABLE_CODE = YES;
				CLANG_WARN__DUPLICATE_METHOD_MATCH = YES;
				"CODE_SIGN_IDENTITY[sdk=iphoneos*]" = "iPhone Developer";
				COPY_PHASE_STRIP = NO;
				DEBUG_INFORMATION_FORMAT = dwarf;
				ENABLE_STRICT_OBJC_MSGSEND = YES;
				ENABLE_TESTABILITY = YES;
				GCC_C_LANGUAGE_STANDARD = gnu99;
				GCC_DYNAMIC_NO_PIC = NO;
				GCC_NO_COMMON_BLOCKS = YES;
				GCC_OPTIMIZATION_LEVEL = 0;
				GCC_PREPROCESSOR_DEFINITIONS = (
					"DEBUG=1",
					"$(inherited)",
				);
				GCC_WARN_64_TO_32_BIT_CONVERSION = YES;
				GCC_WARN_ABOUT_RETURN_TYPE = YES_ERROR;
				GCC_WARN_UNDECLARED_SELECTOR = YES;
				GCC_WARN_UNINITIALIZED_AUTOS = YES_AGGRESSIVE;
				GCC_WARN_UNUSED_FUNCTION = YES;
				GCC_WARN_UNUSED_VARIABLE = YES;
				IPHONEOS_DEPLOYMENT_TARGET = 9.2;
				MTL_ENABLE_DEBUG_INFO = YES;
				ONLY_ACTIVE_ARCH = YES;
				SDKROOT = iphoneos;
				SWIFT_OPTIMIZATION_LEVEL = "-Onone";
			};
			name = Debug;
		};
		78B8DF471CD8B4DE0053D124 /* Release */ = {
			isa = XCBuildConfiguration;
			buildSettings = {
				ALWAYS_SEARCH_USER_PATHS = NO;
				CLANG_CXX_LANGUAGE_STANDARD = "gnu++0x";
				CLANG_CXX_LIBRARY = "libc++";
				CLANG_ENABLE_MODULES = YES;
				CLANG_ENABLE_OBJC_ARC = YES;
				CLANG_WARN_BOOL_CONVERSION = YES;
				CLANG_WARN_CONSTANT_CONVERSION = YES;
				CLANG_WARN_DIRECT_OBJC_ISA_USAGE = YES_ERROR;
				CLANG_WARN_EMPTY_BODY = YES;
				CLANG_WARN_ENUM_CONVERSION = YES;
				CLANG_WARN_INT_CONVERSION = YES;
				CLANG_WARN_OBJC_ROOT_CLASS = YES_ERROR;
				CLANG_WARN_UNREACHABLE_CODE = YES;
				CLANG_WARN__DUPLICATE_METHOD_MATCH = YES;
				"CODE_SIGN_IDENTITY[sdk=iphoneos*]" = "iPhone Developer";
				COPY_PHASE_STRIP = NO;
				DEBUG_INFORMATION_FORMAT = "dwarf-with-dsym";
				ENABLE_NS_ASSERTIONS = NO;
				ENABLE_STRICT_OBJC_MSGSEND = YES;
				GCC_C_LANGUAGE_STANDARD = gnu99;
				GCC_NO_COMMON_BLOCKS = YES;
				GCC_WARN_64_TO_32_BIT_CONVERSION = YES;
				GCC_WARN_ABOUT_RETURN_TYPE = YES_ERROR;
				GCC_WARN_UNDECLARED_SELECTOR = YES;
				GCC_WARN_UNINITIALIZED_AUTOS = YES_AGGRESSIVE;
				GCC_WARN_UNUSED_FUNCTION = YES;
				GCC_WARN_UNUSED_VARIABLE = YES;
				IPHONEOS_DEPLOYMENT_TARGET = 9.2;
				MTL_ENABLE_DEBUG_INFO = NO;
				SDKROOT = iphoneos;
				VALIDATE_PRODUCT = YES;
			};
			name = Release;
		};
		78B8DF491CD8B4DE0053D124 /* Debug */ = {
			isa = XCBuildConfiguration;
			buildSettings = {
				ASSETCATALOG_COMPILER_APPICON_NAME = AppIcon;
				CODE_SIGN_IDENTITY = "iPhone Developer";
				INFOPLIST_FILE = ZLHexagonGalleryDemo/Info.plist;
				LD_RUNPATH_SEARCH_PATHS = "$(inherited) @executable_path/Frameworks";
				PRODUCT_BUNDLE_IDENTIFIER = cn.shanyuu.ZLHexagonGalleryDemo;
				PRODUCT_NAME = "$(TARGET_NAME)";
			};
			name = Debug;
		};
		78B8DF4A1CD8B4DE0053D124 /* Release */ = {
			isa = XCBuildConfiguration;
			buildSettings = {
				ASSETCATALOG_COMPILER_APPICON_NAME = AppIcon;
				CODE_SIGN_IDENTITY = "iPhone Developer";
				INFOPLIST_FILE = ZLHexagonGalleryDemo/Info.plist;
				LD_RUNPATH_SEARCH_PATHS = "$(inherited) @executable_path/Frameworks";
				PRODUCT_BUNDLE_IDENTIFIER = cn.shanyuu.ZLHexagonGalleryDemo;
				PRODUCT_NAME = "$(TARGET_NAME)";
			};
			name = Release;
		};
/* End XCBuildConfiguration section */

/* Begin XCConfigurationList section */
		78B8DF311CD8B4DE0053D124 /* Build configuration list for PBXProject "ZLHexagonGalleryDemo" */ = {
			isa = XCConfigurationList;
			buildConfigurations = (
				78B8DF461CD8B4DE0053D124 /* Debug */,
				78B8DF471CD8B4DE0053D124 /* Release */,
			);
			defaultConfigurationIsVisible = 0;
			defaultConfigurationName = Release;
		};
		78B8DF481CD8B4DE0053D124 /* Build configuration list for PBXNativeTarget "ZLHexagonGalleryDemo" */ = {
			isa = XCConfigurationList;
			buildConfigurations = (
				78B8DF491CD8B4DE0053D124 /* Debug */,
				78B8DF4A1CD8B4DE0053D124 /* Release */,
			);
			defaultConfigurationIsVisible = 0;
			defaultConfigurationName = Release;
		};
/* End XCConfigurationList section */
	};
	rootObject = 78B8DF2E1CD8B4DE0053D124 /* Project object */;
}
